
Microsoft Visual Studio Solution File, Format Version 12.00
# Visual Studio Version 17
VisualStudioVersion = 17.8.34511.84
MinimumVisualStudioVersion = 10.0.40219.1
Project("{FAE04EC0-301F-11D3-BF4B-00C04F79EFBC}") = "DoAn01", "DoAn01.csproj", "{539E9768-207E-4236-865B-EB584364ADBD}"
EndProject
Global
	GlobalSection(SolutionConfigurationPlatforms) = preSolution
		Debug|Any CPU = Debug|Any CPU
		Release|Any CPU = Release|Any CPU
	EndGlobalSection
	GlobalSection(ProjectConfigurationPlatforms) = postSolution
		{539E9768-207E-4236-865B-EB584364ADBD}.Debug|Any CPU.ActiveCfg = Debug|Any CPU
		{539E9768-207E-4236-865B-EB584364ADBD}.Debug|Any CPU.Build.0 = Debug|Any CPU
		{539E9768-207E-4236-865B-EB584364ADBD}.Release|Any CPU.ActiveCfg = Release|Any CPU
		{539E9768-207E-4236-865B-EB584364ADBD}.Release|Any CPU.Build.0 = Release|Any CPU
	EndGlobalSection
	GlobalSection(SolutionProperties) = preSolution
		HideSolutionNode = FALSE
	EndGlobalSection
	GlobalSection(ExtensibilityGlobals) = postSolution
		SolutionGuid = {161470E4-24CE-47FB-A7CB-328F003EE398}
	EndGlobalSection
EndGlobal
